
Microsoft Visual Studio Solution File, Format Version 12.00
# Visual Studio Version 17
VisualStudioVersion = 17.9.34622.214
MinimumVisualStudioVersion = 10.0.40219.1
Project("{FAE04EC0-301F-11D3-BF4B-00C04F79EFBC}") = "OlympicSwimming", "OlympicSwimming.csproj", "{01BE3EA2-B5E3-4311-8C39-19E989A9F077}"
EndProject
Global
	GlobalSection(SolutionConfigurationPlatforms) = preSolution
		Debug|Any CPU = Debug|Any CPU
		Release|Any CPU = Release|Any CPU
	EndGlobalSection
	GlobalSection(ProjectConfigurationPlatforms) = postSolution
		{01BE3EA2-B5E3-4311-8C39-19E989A9F077}.Debug|Any CPU.ActiveCfg = Debug|Any CPU
		{01BE3EA2-B5E3-4311-8C39-19E989A9F077}.Debug|Any CPU.Build.0 = Debug|Any CPU
		{01BE3EA2-B5E3-4311-8C39-19E989A9F077}.Release|Any CPU.ActiveCfg = Release|Any CPU
		{01BE3EA2-B5E3-4311-8C39-19E989A9F077}.Release|Any CPU.Build.0 = Release|Any CPU
	EndGlobalSection
	GlobalSection(SolutionProperties) = preSolution
		HideSolutionNode = FALSE
	EndGlobalSection
	GlobalSection(ExtensibilityGlobals) = postSolution
		SolutionGuid = {610123ED-BE2B-4612-9D73-38B96FA2B657}
	EndGlobalSection
EndGlobal
